
Microsoft Visual Studio Solution File, Format Version 12.00
# Visual Studio Version 16
VisualStudioVersion = 16.0.31112.23
MinimumVisualStudioVersion = 10.0.40219.1
Project("{9A19103F-16F7-4668-BE54-9A1E7A4F7556}") = "TDDNUnit", "TDDNUnit\TDDNUnit.csproj", "{7D5B3220-1CF4-4ACD-8F6E-AF4FB19E8600}"
EndProject
Project("{9A19103F-16F7-4668-BE54-9A1E7A4F7556}") = "KataTest.Test", "FizzBuzzTest.Test\KataTest.Test.csproj", "{BE82C4ED-D94B-402B-A1E3-C8FFD0F5149A}"
EndProject
Global
	GlobalSection(SolutionConfigurationPlatforms) = preSolution
		Debug|Any CPU = Debug|Any CPU
		Release|Any CPU = Release|Any CPU
	EndGlobalSection
	GlobalSection(ProjectConfigurationPlatforms) = postSolution
		{7D5B3220-1CF4-4ACD-8F6E-AF4FB19E8600}.Debug|Any CPU.ActiveCfg = Debug|Any CPU
		{7D5B3220-1CF4-4ACD-8F6E-AF4FB19E8600}.Debug|Any CPU.Build.0 = Debug|Any CPU
		{7D5B3220-1CF4-4ACD-8F6E-AF4FB19E8600}.Release|Any CPU.ActiveCfg = Release|Any CPU
		{7D5B3220-1CF4-4ACD-8F6E-AF4FB19E8600}.Release|Any CPU.Build.0 = Release|Any CPU
		{BE82C4ED-D94B-402B-A1E3-C8FFD0F5149A}.Debug|Any CPU.ActiveCfg = Debug|Any CPU
		{BE82C4ED-D94B-402B-A1E3-C8FFD0F5149A}.Debug|Any CPU.Build.0 = Debug|Any CPU
		{BE82C4ED-D94B-402B-A1E3-C8FFD0F5149A}.Release|Any CPU.ActiveCfg = Release|Any CPU
		{BE82C4ED-D94B-402B-A1E3-C8FFD0F5149A}.Release|Any CPU.Build.0 = Release|Any CPU
	EndGlobalSection
	GlobalSection(SolutionProperties) = preSolution
		HideSolutionNode = FALSE
	EndGlobalSection
	GlobalSection(ExtensibilityGlobals) = postSolution
		SolutionGuid = {211AE8A9-0EA0-4B4C-B808-2363BC26B4C6}
	EndGlobalSection
EndGlobal
