
Microsoft Visual Studio Solution File, Format Version 12.00
# Visual Studio Version 16
VisualStudioVersion = 16.0.31112.23
MinimumVisualStudioVersion = 10.0.40219.1
Project("{FAE04EC0-301F-11D3-BF4B-00C04F79EFBC}") = "UserService", "UserService\UserService.csproj", "{91B4F19D-4D1D-4F4D-A5BD-80C9AD32F760}"
EndProject
Project("{FAE04EC0-301F-11D3-BF4B-00C04F79EFBC}") = "APIGateway", "APIGateway\APIGateway.csproj", "{0DDF1DEE-E092-43E6-9AA1-ECB8AD7628DB}"
EndProject
Global
	GlobalSection(SolutionConfigurationPlatforms) = preSolution
		Debug|Any CPU = Debug|Any CPU
		Release|Any CPU = Release|Any CPU
	EndGlobalSection
	GlobalSection(ProjectConfigurationPlatforms) = postSolution
		{91B4F19D-4D1D-4F4D-A5BD-80C9AD32F760}.Debug|Any CPU.ActiveCfg = Debug|Any CPU
		{91B4F19D-4D1D-4F4D-A5BD-80C9AD32F760}.Debug|Any CPU.Build.0 = Debug|Any CPU
		{91B4F19D-4D1D-4F4D-A5BD-80C9AD32F760}.Release|Any CPU.ActiveCfg = Release|Any CPU
		{91B4F19D-4D1D-4F4D-A5BD-80C9AD32F760}.Release|Any CPU.Build.0 = Release|Any CPU
		{0DDF1DEE-E092-43E6-9AA1-ECB8AD7628DB}.Debug|Any CPU.ActiveCfg = Debug|Any CPU
		{0DDF1DEE-E092-43E6-9AA1-ECB8AD7628DB}.Debug|Any CPU.Build.0 = Debug|Any CPU
		{0DDF1DEE-E092-43E6-9AA1-ECB8AD7628DB}.Release|Any CPU.ActiveCfg = Release|Any CPU
		{0DDF1DEE-E092-43E6-9AA1-ECB8AD7628DB}.Release|Any CPU.Build.0 = Release|Any CPU
	EndGlobalSection
	GlobalSection(SolutionProperties) = preSolution
		HideSolutionNode = FALSE
	EndGlobalSection
	GlobalSection(ExtensibilityGlobals) = postSolution
		SolutionGuid = {44F81245-18E5-4029-84BC-495D5AF340CD}
	EndGlobalSection
EndGlobal
