
Microsoft Visual Studio Solution File, Format Version 12.00
# Visual Studio 15
VisualStudioVersion = 15.0.28307.1062
MinimumVisualStudioVersion = 10.0.40219.1
Project("{FAE04EC0-301F-11D3-BF4B-00C04F79EFBC}") = "ConsoleApp2", "ConsoleApp2\ConsoleApp2.csproj", "{53739A87-AFE7-44E0-A987-1F405CE1E01A}"
EndProject
Global
	GlobalSection(SolutionConfigurationPlatforms) = preSolution
		Debug|Any CPU = Debug|Any CPU
		Release|Any CPU = Release|Any CPU
	EndGlobalSection
	GlobalSection(ProjectConfigurationPlatforms) = postSolution
		{53739A87-AFE7-44E0-A987-1F405CE1E01A}.Debug|Any CPU.ActiveCfg = Debug|Any CPU
		{53739A87-AFE7-44E0-A987-1F405CE1E01A}.Debug|Any CPU.Build.0 = Debug|Any CPU
		{53739A87-AFE7-44E0-A987-1F405CE1E01A}.Release|Any CPU.ActiveCfg = Release|Any CPU
		{53739A87-AFE7-44E0-A987-1F405CE1E01A}.Release|Any CPU.Build.0 = Release|Any CPU
	EndGlobalSection
	GlobalSection(SolutionProperties) = preSolution
		HideSolutionNode = FALSE
	EndGlobalSection
	GlobalSection(ExtensibilityGlobals) = postSolution
		SolutionGuid = {73FB26C7-4E37-40CF-AF49-4C287EE7CFA1}
	EndGlobalSection
EndGlobal
