
Microsoft Visual Studio Solution File, Format Version 12.00
# Visual Studio 15
VisualStudioVersion = 15.0.28010.2026
MinimumVisualStudioVersion = 10.0.40219.1
Project("{FAE04EC0-301F-11D3-BF4B-00C04F79EFBC}") = "SeleniumTestsResgistrationDemo", "SeleniumTestsResgistrationDemo\SeleniumTestsResgistrationDemo.csproj", "{F8BFE86A-39C5-4063-86A1-83718975B188}"
EndProject
Project("{FAE04EC0-301F-11D3-BF4B-00C04F79EFBC}") = "SeleniumTestsRegestrationDemo.Test", "RegestrationDemo.Test\SeleniumTestsRegestrationDemo.Test.csproj", "{752CA8FF-C268-4F54-8154-3CE4C8A43F55}"
EndProject
Global
	GlobalSection(SolutionConfigurationPlatforms) = preSolution
		Debug|Any CPU = Debug|Any CPU
		Release|Any CPU = Release|Any CPU
	EndGlobalSection
	GlobalSection(ProjectConfigurationPlatforms) = postSolution
		{F8BFE86A-39C5-4063-86A1-83718975B188}.Debug|Any CPU.ActiveCfg = Debug|Any CPU
		{F8BFE86A-39C5-4063-86A1-83718975B188}.Debug|Any CPU.Build.0 = Debug|Any CPU
		{F8BFE86A-39C5-4063-86A1-83718975B188}.Release|Any CPU.ActiveCfg = Release|Any CPU
		{F8BFE86A-39C5-4063-86A1-83718975B188}.Release|Any CPU.Build.0 = Release|Any CPU
		{752CA8FF-C268-4F54-8154-3CE4C8A43F55}.Debug|Any CPU.ActiveCfg = Debug|Any CPU
		{752CA8FF-C268-4F54-8154-3CE4C8A43F55}.Debug|Any CPU.Build.0 = Debug|Any CPU
		{752CA8FF-C268-4F54-8154-3CE4C8A43F55}.Release|Any CPU.ActiveCfg = Release|Any CPU
		{752CA8FF-C268-4F54-8154-3CE4C8A43F55}.Release|Any CPU.Build.0 = Release|Any CPU
	EndGlobalSection
	GlobalSection(SolutionProperties) = preSolution
		HideSolutionNode = FALSE
	EndGlobalSection
	GlobalSection(ExtensibilityGlobals) = postSolution
		SolutionGuid = {6937A614-8EAA-4792-9583-FC714E759ADF}
	EndGlobalSection
EndGlobal
