
Microsoft Visual Studio Solution File, Format Version 12.00
# Visual Studio 15
VisualStudioVersion = 15.0.28307.902
MinimumVisualStudioVersion = 10.0.40219.1
Project("{FAE04EC0-301F-11D3-BF4B-00C04F79EFBC}") = "DelegateUses", "DelegateUses\DelegateUses.csproj", "{EBD104C4-AD02-4FC9-A2BA-6F0277D04011}"
EndProject
Global
	GlobalSection(SolutionConfigurationPlatforms) = preSolution
		Debug|Any CPU = Debug|Any CPU
		Release|Any CPU = Release|Any CPU
	EndGlobalSection
	GlobalSection(ProjectConfigurationPlatforms) = postSolution
		{EBD104C4-AD02-4FC9-A2BA-6F0277D04011}.Debug|Any CPU.ActiveCfg = Debug|Any CPU
		{EBD104C4-AD02-4FC9-A2BA-6F0277D04011}.Debug|Any CPU.Build.0 = Debug|Any CPU
		{EBD104C4-AD02-4FC9-A2BA-6F0277D04011}.Release|Any CPU.ActiveCfg = Release|Any CPU
		{EBD104C4-AD02-4FC9-A2BA-6F0277D04011}.Release|Any CPU.Build.0 = Release|Any CPU
	EndGlobalSection
	GlobalSection(SolutionProperties) = preSolution
		HideSolutionNode = FALSE
	EndGlobalSection
	GlobalSection(ExtensibilityGlobals) = postSolution
		SolutionGuid = {2B323AE5-B60A-466A-BE07-740223A5374D}
	EndGlobalSection
EndGlobal
