
Microsoft Visual Studio Solution File, Format Version 12.00
# Visual Studio 15
VisualStudioVersion = 15.0.28010.2026
MinimumVisualStudioVersion = 10.0.40219.1
Project("{E24C65DC-7377-472B-9ABA-BC803B73C61A}") = "mouveEvents", "mouveEvents\", "{6C60B6B8-C77E-4833-8660-FF6D55094393}"
	ProjectSection(WebsiteProperties) = preProject
		TargetFrameworkMoniker = ".NETFramework,Version%3Dv4.5"
		Debug.AspNetCompiler.VirtualPath = "/localhost_53291"
		Debug.AspNetCompiler.PhysicalPath = "mouveEvents\"
		Debug.AspNetCompiler.TargetPath = "PrecompiledWeb\localhost_53291\"
		Debug.AspNetCompiler.Updateable = "true"
		Debug.AspNetCompiler.ForceOverwrite = "true"
		Debug.AspNetCompiler.FixedNames = "false"
		Debug.AspNetCompiler.Debug = "True"
		Release.AspNetCompiler.VirtualPath = "/localhost_53291"
		Release.AspNetCompiler.PhysicalPath = "mouveEvents\"
		Release.AspNetCompiler.TargetPath = "PrecompiledWeb\localhost_53291\"
		Release.AspNetCompiler.Updateable = "true"
		Release.AspNetCompiler.ForceOverwrite = "true"
		Release.AspNetCompiler.FixedNames = "false"
		Release.AspNetCompiler.Debug = "False"
		VWDPort = "53291"
		SlnRelativePath = "mouveEvents\"
		DefaultWebSiteLanguage = "Visual C#"
	EndProjectSection
EndProject
Global
	GlobalSection(SolutionConfigurationPlatforms) = preSolution
		Debug|Any CPU = Debug|Any CPU
	EndGlobalSection
	GlobalSection(ProjectConfigurationPlatforms) = postSolution
		{6C60B6B8-C77E-4833-8660-FF6D55094393}.Debug|Any CPU.ActiveCfg = Debug|Any CPU
		{6C60B6B8-C77E-4833-8660-FF6D55094393}.Debug|Any CPU.Build.0 = Debug|Any CPU
	EndGlobalSection
	GlobalSection(SolutionProperties) = preSolution
		HideSolutionNode = FALSE
	EndGlobalSection
	GlobalSection(ExtensibilityGlobals) = postSolution
		SolutionGuid = {A2D450AA-EDFA-4D55-B2FC-9782027466A1}
	EndGlobalSection
EndGlobal
