
Microsoft Visual Studio Solution File, Format Version 12.00
# Visual Studio Version 16
VisualStudioVersion = 16.0.31112.23
MinimumVisualStudioVersion = 10.0.40219.1
Project("{FAE04EC0-301F-11D3-BF4B-00C04F79EFBC}") = "WebGetter", "WebGetter\WebGetter.csproj", "{A3AEF73D-EA72-4BDA-9EE5-2D42E28CF5EC}"
EndProject
Global
	GlobalSection(SolutionConfigurationPlatforms) = preSolution
		Debug|Any CPU = Debug|Any CPU
		Release|Any CPU = Release|Any CPU
	EndGlobalSection
	GlobalSection(ProjectConfigurationPlatforms) = postSolution
		{A3AEF73D-EA72-4BDA-9EE5-2D42E28CF5EC}.Debug|Any CPU.ActiveCfg = Debug|Any CPU
		{A3AEF73D-EA72-4BDA-9EE5-2D42E28CF5EC}.Debug|Any CPU.Build.0 = Debug|Any CPU
		{A3AEF73D-EA72-4BDA-9EE5-2D42E28CF5EC}.Release|Any CPU.ActiveCfg = Release|Any CPU
		{A3AEF73D-EA72-4BDA-9EE5-2D42E28CF5EC}.Release|Any CPU.Build.0 = Release|Any CPU
	EndGlobalSection
	GlobalSection(SolutionProperties) = preSolution
		HideSolutionNode = FALSE
	EndGlobalSection
	GlobalSection(ExtensibilityGlobals) = postSolution
		SolutionGuid = {9D72C5F5-9278-45EE-B573-B10C120B3639}
	EndGlobalSection
EndGlobal
