
Microsoft Visual Studio Solution File, Format Version 12.00
# Visual Studio Version 16
VisualStudioVersion = 16.0.31112.23
MinimumVisualStudioVersion = 10.0.40219.1
Project("{FAE04EC0-301F-11D3-BF4B-00C04F79EFBC}") = "DifferentesImplementationsDeSingleton", "DifferentesImplementationsDeSingleton\DifferentesImplementationsDeSingleton.csproj", "{A3E700EA-1B6B-4867-8005-F3270EBF6650}"
EndProject
Global
	GlobalSection(SolutionConfigurationPlatforms) = preSolution
		Debug|Any CPU = Debug|Any CPU
		Release|Any CPU = Release|Any CPU
	EndGlobalSection
	GlobalSection(ProjectConfigurationPlatforms) = postSolution
		{A3E700EA-1B6B-4867-8005-F3270EBF6650}.Debug|Any CPU.ActiveCfg = Debug|Any CPU
		{A3E700EA-1B6B-4867-8005-F3270EBF6650}.Debug|Any CPU.Build.0 = Debug|Any CPU
		{A3E700EA-1B6B-4867-8005-F3270EBF6650}.Release|Any CPU.ActiveCfg = Release|Any CPU
		{A3E700EA-1B6B-4867-8005-F3270EBF6650}.Release|Any CPU.Build.0 = Release|Any CPU
	EndGlobalSection
	GlobalSection(SolutionProperties) = preSolution
		HideSolutionNode = FALSE
	EndGlobalSection
	GlobalSection(ExtensibilityGlobals) = postSolution
		SolutionGuid = {2AEFC05F-5F3F-41B4-AD1A-730D345A330D}
	EndGlobalSection
EndGlobal
