
Microsoft Visual Studio Solution File, Format Version 12.00
# Visual Studio 15
VisualStudioVersion = 15.0.27130.2027
MinimumVisualStudioVersion = 10.0.40219.1
Project("{FAE04EC0-301F-11D3-BF4B-00C04F79EFBC}") = "ConsumingAgetodaysWebService", "ConsumingAgetodaysWebService\ConsumingAgetodaysWebService.csproj", "{D29D5418-4829-43A0-BA3E-9620CBA717C6}"
EndProject
Global
	GlobalSection(SolutionConfigurationPlatforms) = preSolution
		Debug|Any CPU = Debug|Any CPU
		Release|Any CPU = Release|Any CPU
	EndGlobalSection
	GlobalSection(ProjectConfigurationPlatforms) = postSolution
		{D29D5418-4829-43A0-BA3E-9620CBA717C6}.Debug|Any CPU.ActiveCfg = Debug|Any CPU
		{D29D5418-4829-43A0-BA3E-9620CBA717C6}.Debug|Any CPU.Build.0 = Debug|Any CPU
		{D29D5418-4829-43A0-BA3E-9620CBA717C6}.Release|Any CPU.ActiveCfg = Release|Any CPU
		{D29D5418-4829-43A0-BA3E-9620CBA717C6}.Release|Any CPU.Build.0 = Release|Any CPU
	EndGlobalSection
	GlobalSection(SolutionProperties) = preSolution
		HideSolutionNode = FALSE
	EndGlobalSection
	GlobalSection(ExtensibilityGlobals) = postSolution
		SolutionGuid = {E95D8A73-97F6-4F5C-A7C9-D48950AE60ED}
	EndGlobalSection
EndGlobal
