
Microsoft Visual Studio Solution File, Format Version 12.00
# Visual Studio 15
VisualStudioVersion = 15.0.28307.1062
MinimumVisualStudioVersion = 10.0.40219.1
Project("{9A19103F-16F7-4668-BE54-9A1E7A4F7556}") = "EmployeeManagementCore", "EmployeeManagementCore\EmployeeManagementCore.csproj", "{C5FFF0CD-DF4C-4153-96FD-46A4A5E2FF81}"
EndProject
Global
	GlobalSection(SolutionConfigurationPlatforms) = preSolution
		Debug|Any CPU = Debug|Any CPU
		Release|Any CPU = Release|Any CPU
	EndGlobalSection
	GlobalSection(ProjectConfigurationPlatforms) = postSolution
		{C5FFF0CD-DF4C-4153-96FD-46A4A5E2FF81}.Debug|Any CPU.ActiveCfg = Debug|Any CPU
		{C5FFF0CD-DF4C-4153-96FD-46A4A5E2FF81}.Debug|Any CPU.Build.0 = Debug|Any CPU
		{C5FFF0CD-DF4C-4153-96FD-46A4A5E2FF81}.Release|Any CPU.ActiveCfg = Release|Any CPU
		{C5FFF0CD-DF4C-4153-96FD-46A4A5E2FF81}.Release|Any CPU.Build.0 = Release|Any CPU
	EndGlobalSection
	GlobalSection(SolutionProperties) = preSolution
		HideSolutionNode = FALSE
	EndGlobalSection
	GlobalSection(ExtensibilityGlobals) = postSolution
		SolutionGuid = {1554DD53-A4CE-4641-86FE-2698773137C9}
	EndGlobalSection
EndGlobal
