
Microsoft Visual Studio Solution File, Format Version 12.00
# Visual Studio 15
VisualStudioVersion = 15.0.28010.2026
MinimumVisualStudioVersion = 10.0.40219.1
Project("{159641D6-6404-4A2A-AE62-294DE0FE8301}") = "PachaDtaFormation", "PachaDtaFormation\PachaDtaFormation.dtproj", "{6FF14853-1024-4256-90A4-F580CF43AF0A}"
EndProject
Global
	GlobalSection(SolutionConfigurationPlatforms) = preSolution
		Development|Default = Development|Default
	EndGlobalSection
	GlobalSection(ProjectConfigurationPlatforms) = postSolution
		{6FF14853-1024-4256-90A4-F580CF43AF0A}.Development|Default.ActiveCfg = Development
		{6FF14853-1024-4256-90A4-F580CF43AF0A}.Development|Default.Build.0 = Development
	EndGlobalSection
	GlobalSection(SolutionProperties) = preSolution
		HideSolutionNode = FALSE
	EndGlobalSection
	GlobalSection(ExtensibilityGlobals) = postSolution
		SolutionGuid = {61CCB618-3AA1-4BCD-98AB-8013E4922C78}
	EndGlobalSection
EndGlobal
